
Microsoft Visual Studio Solution File, Format Version 12.00
# Visual Studio Version 17
VisualStudioVersion = 17.11.35312.102
MinimumVisualStudioVersion = 10.0.40219.1
Project("{2150E333-8FDC-42A3-9474-1A3956D46DE8}") = "src", "src", "{0FECB1DD-3630-4168-BAA4-76398370C13A}"
EndProject
Project("{2150E333-8FDC-42A3-9474-1A3956D46DE8}") = "Services", "Services", "{C3F750F9-F0E2-417A-837C-7FE4FE0FFE9A}"
EndProject
Project("{2150E333-8FDC-42A3-9474-1A3956D46DE8}") = "Order", "Order", "{22CB318C-22F9-4573-96C3-3E2395255DCF}"
EndProject
Project("{9A19103F-16F7-4668-BE54-9A1E7A4F7556}") = "Order.API", "src\Services\Order\Order.API\Order.API.csproj", "{0D9B925B-4737-44B3-BEF6-B793243FAE16}"
EndProject
Project("{E53339B2-1760-4266-BCC7-CA923CBCF16C}") = "docker-compose", "docker-compose.dcproj", "{810B91D8-B810-4BE6-AE9C-B1CC03E05ECC}"
EndProject
Project("{2150E333-8FDC-42A3-9474-1A3956D46DE8}") = "Portfolio", "Portfolio", "{C5B61C52-044E-4179-803A-D57D88F161F1}"
EndProject
Project("{9A19103F-16F7-4668-BE54-9A1E7A4F7556}") = "Portfolio.API", "src\Services\Portfolio\Portfolio.API\Portfolio.API.csproj", "{CF14D19B-A693-486E-9B4D-914A67B52A74}"
EndProject
Project("{2150E333-8FDC-42A3-9474-1A3956D46DE8}") = "Utils", "Utils", "{B8BC99B2-8AD9-48DF-AFD6-79E63B374E44}"
EndProject
Project("{9A19103F-16F7-4668-BE54-9A1E7A4F7556}") = "MessageBroker", "src\Utils\MessageBroker\MessageBroker.csproj", "{C2BE8380-96C8-4BDA-B3B6-06BA1BAEC85F}"
EndProject
Project("{9A19103F-16F7-4668-BE54-9A1E7A4F7556}") = "Shared", "src\Utils\Shared\Shared.csproj", "{E8EBCF2D-23CC-47EF-8ACF-2BB773E8A4CC}"
EndProject
Project("{2150E333-8FDC-42A3-9474-1A3956D46DE8}") = "Price", "Price", "{F6DDB522-0378-432B-A4BF-EE0C22C975A4}"
EndProject
Project("{FAE04EC0-301F-11D3-BF4B-00C04F79EFBC}") = "Price.Grpc", "src\Services\Price\Price.Grpc\Price.Grpc.csproj", "{03B7E098-D979-4281-9D33-E30CADAD4DBE}"
EndProject
Global
	GlobalSection(SolutionConfigurationPlatforms) = preSolution
		Debug|Any CPU = Debug|Any CPU
		Release|Any CPU = Release|Any CPU
	EndGlobalSection
	GlobalSection(ProjectConfigurationPlatforms) = postSolution
		{0D9B925B-4737-44B3-BEF6-B793243FAE16}.Debug|Any CPU.ActiveCfg = Debug|Any CPU
		{0D9B925B-4737-44B3-BEF6-B793243FAE16}.Debug|Any CPU.Build.0 = Debug|Any CPU
		{0D9B925B-4737-44B3-BEF6-B793243FAE16}.Release|Any CPU.ActiveCfg = Release|Any CPU
		{0D9B925B-4737-44B3-BEF6-B793243FAE16}.Release|Any CPU.Build.0 = Release|Any CPU
		{810B91D8-B810-4BE6-AE9C-B1CC03E05ECC}.Debug|Any CPU.ActiveCfg = Debug|Any CPU
		{810B91D8-B810-4BE6-AE9C-B1CC03E05ECC}.Debug|Any CPU.Build.0 = Debug|Any CPU
		{810B91D8-B810-4BE6-AE9C-B1CC03E05ECC}.Release|Any CPU.ActiveCfg = Release|Any CPU
		{810B91D8-B810-4BE6-AE9C-B1CC03E05ECC}.Release|Any CPU.Build.0 = Release|Any CPU
		{CF14D19B-A693-486E-9B4D-914A67B52A74}.Debug|Any CPU.ActiveCfg = Debug|Any CPU
		{CF14D19B-A693-486E-9B4D-914A67B52A74}.Debug|Any CPU.Build.0 = Debug|Any CPU
		{CF14D19B-A693-486E-9B4D-914A67B52A74}.Release|Any CPU.ActiveCfg = Release|Any CPU
		{CF14D19B-A693-486E-9B4D-914A67B52A74}.Release|Any CPU.Build.0 = Release|Any CPU
		{C2BE8380-96C8-4BDA-B3B6-06BA1BAEC85F}.Debug|Any CPU.ActiveCfg = Debug|Any CPU
		{C2BE8380-96C8-4BDA-B3B6-06BA1BAEC85F}.Debug|Any CPU.Build.0 = Debug|Any CPU
		{C2BE8380-96C8-4BDA-B3B6-06BA1BAEC85F}.Release|Any CPU.ActiveCfg = Release|Any CPU
		{C2BE8380-96C8-4BDA-B3B6-06BA1BAEC85F}.Release|Any CPU.Build.0 = Release|Any CPU
		{E8EBCF2D-23CC-47EF-8ACF-2BB773E8A4CC}.Debug|Any CPU.ActiveCfg = Debug|Any CPU
		{E8EBCF2D-23CC-47EF-8ACF-2BB773E8A4CC}.Debug|Any CPU.Build.0 = Debug|Any CPU
		{E8EBCF2D-23CC-47EF-8ACF-2BB773E8A4CC}.Release|Any CPU.ActiveCfg = Release|Any CPU
		{E8EBCF2D-23CC-47EF-8ACF-2BB773E8A4CC}.Release|Any CPU.Build.0 = Release|Any CPU
		{03B7E098-D979-4281-9D33-E30CADAD4DBE}.Debug|Any CPU.ActiveCfg = Debug|Any CPU
		{03B7E098-D979-4281-9D33-E30CADAD4DBE}.Debug|Any CPU.Build.0 = Debug|Any CPU
		{03B7E098-D979-4281-9D33-E30CADAD4DBE}.Release|Any CPU.ActiveCfg = Release|Any CPU
		{03B7E098-D979-4281-9D33-E30CADAD4DBE}.Release|Any CPU.Build.0 = Release|Any CPU
	EndGlobalSection
	GlobalSection(SolutionProperties) = preSolution
		HideSolutionNode = FALSE
	EndGlobalSection
	GlobalSection(NestedProjects) = preSolution
		{C3F750F9-F0E2-417A-837C-7FE4FE0FFE9A} = {0FECB1DD-3630-4168-BAA4-76398370C13A}
		{22CB318C-22F9-4573-96C3-3E2395255DCF} = {C3F750F9-F0E2-417A-837C-7FE4FE0FFE9A}
		{0D9B925B-4737-44B3-BEF6-B793243FAE16} = {22CB318C-22F9-4573-96C3-3E2395255DCF}
		{C5B61C52-044E-4179-803A-D57D88F161F1} = {C3F750F9-F0E2-417A-837C-7FE4FE0FFE9A}
		{CF14D19B-A693-486E-9B4D-914A67B52A74} = {C5B61C52-044E-4179-803A-D57D88F161F1}
		{B8BC99B2-8AD9-48DF-AFD6-79E63B374E44} = {0FECB1DD-3630-4168-BAA4-76398370C13A}
		{C2BE8380-96C8-4BDA-B3B6-06BA1BAEC85F} = {B8BC99B2-8AD9-48DF-AFD6-79E63B374E44}
		{E8EBCF2D-23CC-47EF-8ACF-2BB773E8A4CC} = {B8BC99B2-8AD9-48DF-AFD6-79E63B374E44}
		{F6DDB522-0378-432B-A4BF-EE0C22C975A4} = {C3F750F9-F0E2-417A-837C-7FE4FE0FFE9A}
		{03B7E098-D979-4281-9D33-E30CADAD4DBE} = {F6DDB522-0378-432B-A4BF-EE0C22C975A4}
	EndGlobalSection
	GlobalSection(ExtensibilityGlobals) = postSolution
		SolutionGuid = {C53F7E74-67CB-40A0-A202-FE4C2ACB4297}
	EndGlobalSection
EndGlobal
